
Microsoft Visual Studio Solution File, Format Version 12.00
# Visual Studio Version 17
VisualStudioVersion = 17.0.31903.59
MinimumVisualStudioVersion = 10.0.40219.1
Project("{2150E333-8FDC-42A3-9474-1A3956D46DE8}") = "src", "src", "{827E0CD3-B72D-47B6-A68D-7590B98EB39B}"
EndProject
Project("{FAE04EC0-301F-11D3-BF4B-00C04F79EFBC}") = "GitForest.Core", "src\GitForest.Core\GitForest.Core.csproj", "{604D9BAE-544C-409F-B73A-49644649BB98}"
EndProject
Project("{FAE04EC0-301F-11D3-BF4B-00C04F79EFBC}") = "GitForest.Cli", "src\GitForest.Cli\GitForest.Cli.csproj", "{AD137E88-2DC7-4B9B-BE5E-3FFC6069F9C3}"
EndProject
Project("{2150E333-8FDC-42A3-9474-1A3956D46DE8}") = "tests", "tests", "{0AB3BF05-4346-4AA6-1389-037BE0695223}"
EndProject
Project("{FAE04EC0-301F-11D3-BF4B-00C04F79EFBC}") = "GitForest.Cli.Tests", "tests\GitForest.Cli.Tests\GitForest.Cli.Tests.csproj", "{0F0CF9D5-D362-4068-AAD5-9AECD3F4F976}"
EndProject
Project("{FAE04EC0-301F-11D3-BF4B-00C04F79EFBC}") = "GitForest.Cli.IntegrationTests", "tests\GitForest.Cli.IntegrationTests\GitForest.Cli.IntegrationTests.csproj", "{A6AF95D1-1D1B-4C12-9F7F-7E7EDAE0770F}"
EndProject
Project("{FAE04EC0-301F-11D3-BF4B-00C04F79EFBC}") = "GitForest.Application", "src\GitForest.Application\GitForest.Application.csproj", "{2B1F121B-95AB-4987-88A6-7B9B4862820F}"
EndProject
Project("{FAE04EC0-301F-11D3-BF4B-00C04F79EFBC}") = "GitForest.Infrastructure.FileSystem", "src\GitForest.Infrastructure.FileSystem\GitForest.Infrastructure.FileSystem.csproj", "{160ED53A-A024-48A1-B48E-DE414D130E53}"
EndProject
Project("{FAE04EC0-301F-11D3-BF4B-00C04F79EFBC}") = "GitForest.Infrastructure.Memory", "src\GitForest.Infrastructure.Memory\GitForest.Infrastructure.Memory.csproj", "{DD8EDA2F-1B1C-4116-A6B2-A3BE9B7620ED}"
EndProject
Project("{FAE04EC0-301F-11D3-BF4B-00C04F79EFBC}") = "GitForest.Application.Tests", "tests\GitForest.Application.Tests\GitForest.Application.Tests.csproj", "{855708AE-463B-42CF-990C-1217C055D253}"
EndProject
Project("{FAE04EC0-301F-11D3-BF4B-00C04F79EFBC}") = "GitForest.Web", "src\GitForest.Web\GitForest.Web.csproj", "{E93815A6-7D46-476B-BB1F-6A3E4E2DAE8C}"
EndProject
Project("{FAE04EC0-301F-11D3-BF4B-00C04F79EFBC}") = "GitForest.Infrastructure.Distributed", "src\GitForest.Infrastructure.Distributed\GitForest.Infrastructure.Distributed.csproj", "{9A8DA404-BEE5-41F5-9837-20FDD9FACC6E}"
EndProject
Project("{FAE04EC0-301F-11D3-BF4B-00C04F79EFBC}") = "GitForest.AppHost", "src\GitForest.AppHost\GitForest.AppHost.csproj", "{5FFA2261-40DD-4C61-85AF-14896D4C44E1}"
EndProject
Project("{FAE04EC0-301F-11D3-BF4B-00C04F79EFBC}") = "GitForest.Infrastructure.Distributed.IntegrationTests", "tests\GitForest.Infrastructure.Distributed.IntegrationTests\GitForest.Infrastructure.Distributed.IntegrationTests.csproj", "{FFE1D2F6-A698-426D-B7DC-157A0115D143}"
EndProject
Global
	GlobalSection(SolutionConfigurationPlatforms) = preSolution
		Debug|Any CPU = Debug|Any CPU
		Debug|x64 = Debug|x64
		Debug|x86 = Debug|x86
		Release|Any CPU = Release|Any CPU
		Release|x64 = Release|x64
		Release|x86 = Release|x86
	EndGlobalSection
	GlobalSection(ProjectConfigurationPlatforms) = postSolution
		{604D9BAE-544C-409F-B73A-49644649BB98}.Debug|Any CPU.ActiveCfg = Debug|Any CPU
		{604D9BAE-544C-409F-B73A-49644649BB98}.Debug|Any CPU.Build.0 = Debug|Any CPU
		{604D9BAE-544C-409F-B73A-49644649BB98}.Debug|x64.ActiveCfg = Debug|Any CPU
		{604D9BAE-544C-409F-B73A-49644649BB98}.Debug|x64.Build.0 = Debug|Any CPU
		{604D9BAE-544C-409F-B73A-49644649BB98}.Debug|x86.ActiveCfg = Debug|Any CPU
		{604D9BAE-544C-409F-B73A-49644649BB98}.Debug|x86.Build.0 = Debug|Any CPU
		{604D9BAE-544C-409F-B73A-49644649BB98}.Release|Any CPU.ActiveCfg = Release|Any CPU
		{604D9BAE-544C-409F-B73A-49644649BB98}.Release|Any CPU.Build.0 = Release|Any CPU
		{604D9BAE-544C-409F-B73A-49644649BB98}.Release|x64.ActiveCfg = Release|Any CPU
		{604D9BAE-544C-409F-B73A-49644649BB98}.Release|x64.Build.0 = Release|Any CPU
		{604D9BAE-544C-409F-B73A-49644649BB98}.Release|x86.ActiveCfg = Release|Any CPU
		{604D9BAE-544C-409F-B73A-49644649BB98}.Release|x86.Build.0 = Release|Any CPU
		{AD137E88-2DC7-4B9B-BE5E-3FFC6069F9C3}.Debug|Any CPU.ActiveCfg = Debug|Any CPU
		{AD137E88-2DC7-4B9B-BE5E-3FFC6069F9C3}.Debug|Any CPU.Build.0 = Debug|Any CPU
		{AD137E88-2DC7-4B9B-BE5E-3FFC6069F9C3}.Debug|x64.ActiveCfg = Debug|Any CPU
		{AD137E88-2DC7-4B9B-BE5E-3FFC6069F9C3}.Debug|x64.Build.0 = Debug|Any CPU
		{AD137E88-2DC7-4B9B-BE5E-3FFC6069F9C3}.Debug|x86.ActiveCfg = Debug|Any CPU
		{AD137E88-2DC7-4B9B-BE5E-3FFC6069F9C3}.Debug|x86.Build.0 = Debug|Any CPU
		{AD137E88-2DC7-4B9B-BE5E-3FFC6069F9C3}.Release|Any CPU.ActiveCfg = Release|Any CPU
		{AD137E88-2DC7-4B9B-BE5E-3FFC6069F9C3}.Release|Any CPU.Build.0 = Release|Any CPU
		{AD137E88-2DC7-4B9B-BE5E-3FFC6069F9C3}.Release|x64.ActiveCfg = Release|Any CPU
		{AD137E88-2DC7-4B9B-BE5E-3FFC6069F9C3}.Release|x64.Build.0 = Release|Any CPU
		{AD137E88-2DC7-4B9B-BE5E-3FFC6069F9C3}.Release|x86.ActiveCfg = Release|Any CPU
		{AD137E88-2DC7-4B9B-BE5E-3FFC6069F9C3}.Release|x86.Build.0 = Release|Any CPU
		{0F0CF9D5-D362-4068-AAD5-9AECD3F4F976}.Debug|Any CPU.ActiveCfg = Debug|Any CPU
		{0F0CF9D5-D362-4068-AAD5-9AECD3F4F976}.Debug|Any CPU.Build.0 = Debug|Any CPU
		{0F0CF9D5-D362-4068-AAD5-9AECD3F4F976}.Debug|x64.ActiveCfg = Debug|Any CPU
		{0F0CF9D5-D362-4068-AAD5-9AECD3F4F976}.Debug|x64.Build.0 = Debug|Any CPU
		{0F0CF9D5-D362-4068-AAD5-9AECD3F4F976}.Debug|x86.ActiveCfg = Debug|Any CPU
		{0F0CF9D5-D362-4068-AAD5-9AECD3F4F976}.Debug|x86.Build.0 = Debug|Any CPU
		{0F0CF9D5-D362-4068-AAD5-9AECD3F4F976}.Release|Any CPU.ActiveCfg = Release|Any CPU
		{0F0CF9D5-D362-4068-AAD5-9AECD3F4F976}.Release|Any CPU.Build.0 = Release|Any CPU
		{0F0CF9D5-D362-4068-AAD5-9AECD3F4F976}.Release|x64.ActiveCfg = Release|Any CPU
		{0F0CF9D5-D362-4068-AAD5-9AECD3F4F976}.Release|x64.Build.0 = Release|Any CPU
		{0F0CF9D5-D362-4068-AAD5-9AECD3F4F976}.Release|x86.ActiveCfg = Release|Any CPU
		{0F0CF9D5-D362-4068-AAD5-9AECD3F4F976}.Release|x86.Build.0 = Release|Any CPU
		{A6AF95D1-1D1B-4C12-9F7F-7E7EDAE0770F}.Debug|Any CPU.ActiveCfg = Debug|Any CPU
		{A6AF95D1-1D1B-4C12-9F7F-7E7EDAE0770F}.Debug|Any CPU.Build.0 = Debug|Any CPU
		{A6AF95D1-1D1B-4C12-9F7F-7E7EDAE0770F}.Debug|x64.ActiveCfg = Debug|Any CPU
		{A6AF95D1-1D1B-4C12-9F7F-7E7EDAE0770F}.Debug|x64.Build.0 = Debug|Any CPU
		{A6AF95D1-1D1B-4C12-9F7F-7E7EDAE0770F}.Debug|x86.ActiveCfg = Debug|Any CPU
		{A6AF95D1-1D1B-4C12-9F7F-7E7EDAE0770F}.Debug|x86.Build.0 = Debug|Any CPU
		{A6AF95D1-1D1B-4C12-9F7F-7E7EDAE0770F}.Release|Any CPU.ActiveCfg = Release|Any CPU
		{A6AF95D1-1D1B-4C12-9F7F-7E7EDAE0770F}.Release|Any CPU.Build.0 = Release|Any CPU
		{A6AF95D1-1D1B-4C12-9F7F-7E7EDAE0770F}.Release|x64.ActiveCfg = Release|Any CPU
		{A6AF95D1-1D1B-4C12-9F7F-7E7EDAE0770F}.Release|x64.Build.0 = Release|Any CPU
		{A6AF95D1-1D1B-4C12-9F7F-7E7EDAE0770F}.Release|x86.ActiveCfg = Release|Any CPU
		{A6AF95D1-1D1B-4C12-9F7F-7E7EDAE0770F}.Release|x86.Build.0 = Release|Any CPU
		{2B1F121B-95AB-4987-88A6-7B9B4862820F}.Debug|Any CPU.ActiveCfg = Debug|Any CPU
		{2B1F121B-95AB-4987-88A6-7B9B4862820F}.Debug|Any CPU.Build.0 = Debug|Any CPU
		{2B1F121B-95AB-4987-88A6-7B9B4862820F}.Debug|x64.ActiveCfg = Debug|Any CPU
		{2B1F121B-95AB-4987-88A6-7B9B4862820F}.Debug|x64.Build.0 = Debug|Any CPU
		{2B1F121B-95AB-4987-88A6-7B9B4862820F}.Debug|x86.ActiveCfg = Debug|Any CPU
		{2B1F121B-95AB-4987-88A6-7B9B4862820F}.Debug|x86.Build.0 = Debug|Any CPU
		{2B1F121B-95AB-4987-88A6-7B9B4862820F}.Release|Any CPU.ActiveCfg = Release|Any CPU
		{2B1F121B-95AB-4987-88A6-7B9B4862820F}.Release|Any CPU.Build.0 = Release|Any CPU
		{2B1F121B-95AB-4987-88A6-7B9B4862820F}.Release|x64.ActiveCfg = Release|Any CPU
		{2B1F121B-95AB-4987-88A6-7B9B4862820F}.Release|x64.Build.0 = Release|Any CPU
		{2B1F121B-95AB-4987-88A6-7B9B4862820F}.Release|x86.ActiveCfg = Release|Any CPU
		{2B1F121B-95AB-4987-88A6-7B9B4862820F}.Release|x86.Build.0 = Release|Any CPU
		{160ED53A-A024-48A1-B48E-DE414D130E53}.Debug|Any CPU.ActiveCfg = Debug|Any CPU
		{160ED53A-A024-48A1-B48E-DE414D130E53}.Debug|Any CPU.Build.0 = Debug|Any CPU
		{160ED53A-A024-48A1-B48E-DE414D130E53}.Debug|x64.ActiveCfg = Debug|Any CPU
		{160ED53A-A024-48A1-B48E-DE414D130E53}.Debug|x64.Build.0 = Debug|Any CPU
		{160ED53A-A024-48A1-B48E-DE414D130E53}.Debug|x86.ActiveCfg = Debug|Any CPU
		{160ED53A-A024-48A1-B48E-DE414D130E53}.Debug|x86.Build.0 = Debug|Any CPU
		{160ED53A-A024-48A1-B48E-DE414D130E53}.Release|Any CPU.ActiveCfg = Release|Any CPU
		{160ED53A-A024-48A1-B48E-DE414D130E53}.Release|Any CPU.Build.0 = Release|Any CPU
		{160ED53A-A024-48A1-B48E-DE414D130E53}.Release|x64.ActiveCfg = Release|Any CPU
		{160ED53A-A024-48A1-B48E-DE414D130E53}.Release|x64.Build.0 = Release|Any CPU
		{160ED53A-A024-48A1-B48E-DE414D130E53}.Release|x86.ActiveCfg = Release|Any CPU
		{160ED53A-A024-48A1-B48E-DE414D130E53}.Release|x86.Build.0 = Release|Any CPU
		{DD8EDA2F-1B1C-4116-A6B2-A3BE9B7620ED}.Debug|Any CPU.ActiveCfg = Debug|Any CPU
		{DD8EDA2F-1B1C-4116-A6B2-A3BE9B7620ED}.Debug|Any CPU.Build.0 = Debug|Any CPU
		{DD8EDA2F-1B1C-4116-A6B2-A3BE9B7620ED}.Debug|x64.ActiveCfg = Debug|Any CPU
		{DD8EDA2F-1B1C-4116-A6B2-A3BE9B7620ED}.Debug|x64.Build.0 = Debug|Any CPU
		{DD8EDA2F-1B1C-4116-A6B2-A3BE9B7620ED}.Debug|x86.ActiveCfg = Debug|Any CPU
		{DD8EDA2F-1B1C-4116-A6B2-A3BE9B7620ED}.Debug|x86.Build.0 = Debug|Any CPU
		{DD8EDA2F-1B1C-4116-A6B2-A3BE9B7620ED}.Release|Any CPU.ActiveCfg = Release|Any CPU
		{DD8EDA2F-1B1C-4116-A6B2-A3BE9B7620ED}.Release|Any CPU.Build.0 = Release|Any CPU
		{DD8EDA2F-1B1C-4116-A6B2-A3BE9B7620ED}.Release|x64.ActiveCfg = Release|Any CPU
		{DD8EDA2F-1B1C-4116-A6B2-A3BE9B7620ED}.Release|x64.Build.0 = Release|Any CPU
		{DD8EDA2F-1B1C-4116-A6B2-A3BE9B7620ED}.Release|x86.ActiveCfg = Release|Any CPU
		{DD8EDA2F-1B1C-4116-A6B2-A3BE9B7620ED}.Release|x86.Build.0 = Release|Any CPU
		{855708AE-463B-42CF-990C-1217C055D253}.Debug|Any CPU.ActiveCfg = Debug|Any CPU
		{855708AE-463B-42CF-990C-1217C055D253}.Debug|Any CPU.Build.0 = Debug|Any CPU
		{855708AE-463B-42CF-990C-1217C055D253}.Debug|x64.ActiveCfg = Debug|Any CPU
		{855708AE-463B-42CF-990C-1217C055D253}.Debug|x64.Build.0 = Debug|Any CPU
		{855708AE-463B-42CF-990C-1217C055D253}.Debug|x86.ActiveCfg = Debug|Any CPU
		{855708AE-463B-42CF-990C-1217C055D253}.Debug|x86.Build.0 = Debug|Any CPU
		{855708AE-463B-42CF-990C-1217C055D253}.Release|Any CPU.ActiveCfg = Release|Any CPU
		{855708AE-463B-42CF-990C-1217C055D253}.Release|Any CPU.Build.0 = Release|Any CPU
		{855708AE-463B-42CF-990C-1217C055D253}.Release|x64.ActiveCfg = Release|Any CPU
		{855708AE-463B-42CF-990C-1217C055D253}.Release|x64.Build.0 = Release|Any CPU
		{855708AE-463B-42CF-990C-1217C055D253}.Release|x86.ActiveCfg = Release|Any CPU
		{855708AE-463B-42CF-990C-1217C055D253}.Release|x86.Build.0 = Release|Any CPU
		{E93815A6-7D46-476B-BB1F-6A3E4E2DAE8C}.Debug|Any CPU.ActiveCfg = Debug|Any CPU
		{E93815A6-7D46-476B-BB1F-6A3E4E2DAE8C}.Debug|Any CPU.Build.0 = Debug|Any CPU
		{E93815A6-7D46-476B-BB1F-6A3E4E2DAE8C}.Debug|x64.ActiveCfg = Debug|Any CPU
		{E93815A6-7D46-476B-BB1F-6A3E4E2DAE8C}.Debug|x64.Build.0 = Debug|Any CPU
		{E93815A6-7D46-476B-BB1F-6A3E4E2DAE8C}.Debug|x86.ActiveCfg = Debug|Any CPU
		{E93815A6-7D46-476B-BB1F-6A3E4E2DAE8C}.Debug|x86.Build.0 = Debug|Any CPU
		{E93815A6-7D46-476B-BB1F-6A3E4E2DAE8C}.Release|Any CPU.ActiveCfg = Release|Any CPU
		{E93815A6-7D46-476B-BB1F-6A3E4E2DAE8C}.Release|Any CPU.Build.0 = Release|Any CPU
		{E93815A6-7D46-476B-BB1F-6A3E4E2DAE8C}.Release|x64.ActiveCfg = Release|Any CPU
		{E93815A6-7D46-476B-BB1F-6A3E4E2DAE8C}.Release|x64.Build.0 = Release|Any CPU
		{E93815A6-7D46-476B-BB1F-6A3E4E2DAE8C}.Release|x86.ActiveCfg = Release|Any CPU
		{E93815A6-7D46-476B-BB1F-6A3E4E2DAE8C}.Release|x86.Build.0 = Release|Any CPU
		{9A8DA404-BEE5-41F5-9837-20FDD9FACC6E}.Debug|Any CPU.ActiveCfg = Debug|Any CPU
		{9A8DA404-BEE5-41F5-9837-20FDD9FACC6E}.Debug|Any CPU.Build.0 = Debug|Any CPU
		{9A8DA404-BEE5-41F5-9837-20FDD9FACC6E}.Debug|x64.ActiveCfg = Debug|Any CPU
		{9A8DA404-BEE5-41F5-9837-20FDD9FACC6E}.Debug|x64.Build.0 = Debug|Any CPU
		{9A8DA404-BEE5-41F5-9837-20FDD9FACC6E}.Debug|x86.ActiveCfg = Debug|Any CPU
		{9A8DA404-BEE5-41F5-9837-20FDD9FACC6E}.Debug|x86.Build.0 = Debug|Any CPU
		{9A8DA404-BEE5-41F5-9837-20FDD9FACC6E}.Release|Any CPU.ActiveCfg = Release|Any CPU
		{9A8DA404-BEE5-41F5-9837-20FDD9FACC6E}.Release|Any CPU.Build.0 = Release|Any CPU
		{9A8DA404-BEE5-41F5-9837-20FDD9FACC6E}.Release|x64.ActiveCfg = Release|Any CPU
		{9A8DA404-BEE5-41F5-9837-20FDD9FACC6E}.Release|x64.Build.0 = Release|Any CPU
		{9A8DA404-BEE5-41F5-9837-20FDD9FACC6E}.Release|x86.ActiveCfg = Release|Any CPU
		{9A8DA404-BEE5-41F5-9837-20FDD9FACC6E}.Release|x86.Build.0 = Release|Any CPU
		{5FFA2261-40DD-4C61-85AF-14896D4C44E1}.Debug|Any CPU.ActiveCfg = Debug|Any CPU
		{5FFA2261-40DD-4C61-85AF-14896D4C44E1}.Debug|Any CPU.Build.0 = Debug|Any CPU
		{5FFA2261-40DD-4C61-85AF-14896D4C44E1}.Debug|x64.ActiveCfg = Debug|Any CPU
		{5FFA2261-40DD-4C61-85AF-14896D4C44E1}.Debug|x64.Build.0 = Debug|Any CPU
		{5FFA2261-40DD-4C61-85AF-14896D4C44E1}.Debug|x86.ActiveCfg = Debug|Any CPU
		{5FFA2261-40DD-4C61-85AF-14896D4C44E1}.Debug|x86.Build.0 = Debug|Any CPU
		{5FFA2261-40DD-4C61-85AF-14896D4C44E1}.Release|Any CPU.ActiveCfg = Release|Any CPU
		{5FFA2261-40DD-4C61-85AF-14896D4C44E1}.Release|Any CPU.Build.0 = Release|Any CPU
		{5FFA2261-40DD-4C61-85AF-14896D4C44E1}.Release|x64.ActiveCfg = Release|Any CPU
		{5FFA2261-40DD-4C61-85AF-14896D4C44E1}.Release|x64.Build.0 = Release|Any CPU
		{5FFA2261-40DD-4C61-85AF-14896D4C44E1}.Release|x86.ActiveCfg = Release|Any CPU
		{5FFA2261-40DD-4C61-85AF-14896D4C44E1}.Release|x86.Build.0 = Release|Any CPU
		{FFE1D2F6-A698-426D-B7DC-157A0115D143}.Debug|Any CPU.ActiveCfg = Debug|Any CPU
		{FFE1D2F6-A698-426D-B7DC-157A0115D143}.Debug|Any CPU.Build.0 = Debug|Any CPU
		{FFE1D2F6-A698-426D-B7DC-157A0115D143}.Debug|x64.ActiveCfg = Debug|Any CPU
		{FFE1D2F6-A698-426D-B7DC-157A0115D143}.Debug|x64.Build.0 = Debug|Any CPU
		{FFE1D2F6-A698-426D-B7DC-157A0115D143}.Debug|x86.ActiveCfg = Debug|Any CPU
		{FFE1D2F6-A698-426D-B7DC-157A0115D143}.Debug|x86.Build.0 = Debug|Any CPU
		{FFE1D2F6-A698-426D-B7DC-157A0115D143}.Release|Any CPU.ActiveCfg = Release|Any CPU
		{FFE1D2F6-A698-426D-B7DC-157A0115D143}.Release|Any CPU.Build.0 = Release|Any CPU
		{FFE1D2F6-A698-426D-B7DC-157A0115D143}.Release|x64.ActiveCfg = Release|Any CPU
		{FFE1D2F6-A698-426D-B7DC-157A0115D143}.Release|x64.Build.0 = Release|Any CPU
		{FFE1D2F6-A698-426D-B7DC-157A0115D143}.Release|x86.ActiveCfg = Release|Any CPU
		{FFE1D2F6-A698-426D-B7DC-157A0115D143}.Release|x86.Build.0 = Release|Any CPU
	EndGlobalSection
	GlobalSection(SolutionProperties) = preSolution
		HideSolutionNode = FALSE
	EndGlobalSection
	GlobalSection(NestedProjects) = preSolution
		{604D9BAE-544C-409F-B73A-49644649BB98} = {827E0CD3-B72D-47B6-A68D-7590B98EB39B}
		{AD137E88-2DC7-4B9B-BE5E-3FFC6069F9C3} = {827E0CD3-B72D-47B6-A68D-7590B98EB39B}
		{0F0CF9D5-D362-4068-AAD5-9AECD3F4F976} = {0AB3BF05-4346-4AA6-1389-037BE0695223}
		{A6AF95D1-1D1B-4C12-9F7F-7E7EDAE0770F} = {0AB3BF05-4346-4AA6-1389-037BE0695223}
		{2B1F121B-95AB-4987-88A6-7B9B4862820F} = {827E0CD3-B72D-47B6-A68D-7590B98EB39B}
		{160ED53A-A024-48A1-B48E-DE414D130E53} = {827E0CD3-B72D-47B6-A68D-7590B98EB39B}
		{DD8EDA2F-1B1C-4116-A6B2-A3BE9B7620ED} = {827E0CD3-B72D-47B6-A68D-7590B98EB39B}
		{855708AE-463B-42CF-990C-1217C055D253} = {0AB3BF05-4346-4AA6-1389-037BE0695223}
		{E93815A6-7D46-476B-BB1F-6A3E4E2DAE8C} = {827E0CD3-B72D-47B6-A68D-7590B98EB39B}
		{9A8DA404-BEE5-41F5-9837-20FDD9FACC6E} = {827E0CD3-B72D-47B6-A68D-7590B98EB39B}
		{5FFA2261-40DD-4C61-85AF-14896D4C44E1} = {827E0CD3-B72D-47B6-A68D-7590B98EB39B}
		{FFE1D2F6-A698-426D-B7DC-157A0115D143} = {0AB3BF05-4346-4AA6-1389-037BE0695223}
	EndGlobalSection
EndGlobal
